
Microsoft Visual Studio Solution File, Format Version 12.00
# Visual Studio Version 17
VisualStudioVersion = 17.6.33723.286
MinimumVisualStudioVersion = 10.0.40219.1
Project("{9A19103F-16F7-4668-BE54-9A1E7A4F7556}") = "RetroGamesAuction1", "RetroGamesAuction1.csproj", "{AE608155-99E5-4DA2-9F24-5F12C5D1DB1C}"
EndProject
Project("{FAE04EC0-301F-11D3-BF4B-00C04F79EFBC}") = "RetroGamesAuction1Tests", "..\RetroGamesAuction1Tests\RetroGamesAuction1Tests.csproj", "{3EF8F1B9-0D1F-4E5C-BC5B-C57576EC66BB}"
EndProject
Global
	GlobalSection(SolutionConfigurationPlatforms) = preSolution
		Debug|Any CPU = Debug|Any CPU
		Release|Any CPU = Release|Any CPU
	EndGlobalSection
	GlobalSection(ProjectConfigurationPlatforms) = postSolution
		{AE608155-99E5-4DA2-9F24-5F12C5D1DB1C}.Debug|Any CPU.ActiveCfg = Debug|Any CPU
		{AE608155-99E5-4DA2-9F24-5F12C5D1DB1C}.Debug|Any CPU.Build.0 = Debug|Any CPU
		{AE608155-99E5-4DA2-9F24-5F12C5D1DB1C}.Release|Any CPU.ActiveCfg = Release|Any CPU
		{AE608155-99E5-4DA2-9F24-5F12C5D1DB1C}.Release|Any CPU.Build.0 = Release|Any CPU
		{3EF8F1B9-0D1F-4E5C-BC5B-C57576EC66BB}.Debug|Any CPU.ActiveCfg = Debug|Any CPU
		{3EF8F1B9-0D1F-4E5C-BC5B-C57576EC66BB}.Debug|Any CPU.Build.0 = Debug|Any CPU
		{3EF8F1B9-0D1F-4E5C-BC5B-C57576EC66BB}.Release|Any CPU.ActiveCfg = Release|Any CPU
		{3EF8F1B9-0D1F-4E5C-BC5B-C57576EC66BB}.Release|Any CPU.Build.0 = Release|Any CPU
	EndGlobalSection
	GlobalSection(SolutionProperties) = preSolution
		HideSolutionNode = FALSE
	EndGlobalSection
	GlobalSection(ExtensibilityGlobals) = postSolution
		SolutionGuid = {EC1B92C9-B883-4056-AEA1-6EC49D548140}
	EndGlobalSection
EndGlobal
